
Microsoft Visual Studio Solution File, Format Version 12.00
# Visual Studio Version 17
VisualStudioVersion = 17.5.33530.505
MinimumVisualStudioVersion = 10.0.40219.1
Project("{FAE04EC0-301F-11D3-BF4B-00C04F79EFBC}") = "APICalling_Project_PRN231", "APICalling_Project_PRN231\APICalling_Project_PRN231.csproj", "{273BC557-315F-4F24-A5E9-EABBD3D2B3F1}"
EndProject
Global
	GlobalSection(SolutionConfigurationPlatforms) = preSolution
		Debug|Any CPU = Debug|Any CPU
		Release|Any CPU = Release|Any CPU
	EndGlobalSection
	GlobalSection(ProjectConfigurationPlatforms) = postSolution
		{273BC557-315F-4F24-A5E9-EABBD3D2B3F1}.Debug|Any CPU.ActiveCfg = Debug|Any CPU
		{273BC557-315F-4F24-A5E9-EABBD3D2B3F1}.Debug|Any CPU.Build.0 = Debug|Any CPU
		{273BC557-315F-4F24-A5E9-EABBD3D2B3F1}.Release|Any CPU.ActiveCfg = Release|Any CPU
		{273BC557-315F-4F24-A5E9-EABBD3D2B3F1}.Release|Any CPU.Build.0 = Release|Any CPU
	EndGlobalSection
	GlobalSection(SolutionProperties) = preSolution
		HideSolutionNode = FALSE
	EndGlobalSection
	GlobalSection(ExtensibilityGlobals) = postSolution
		SolutionGuid = {CE88C962-5BDE-4EDF-9676-B9970FC97295}
	EndGlobalSection
EndGlobal
